
Microsoft Visual Studio Solution File, Format Version 12.00
# Visual Studio 15
VisualStudioVersion = 15.0.26124.0
MinimumVisualStudioVersion = 15.0.26124.0
Project("{FAE04EC0-301F-11D3-BF4B-00C04F79EFBC}") = "API", "API\API.csproj", "{C5A5610C-45B2-4E3D-882C-87E13E7B26D0}"
EndProject
Project("{FAE04EC0-301F-11D3-BF4B-00C04F79EFBC}") = "Common", "Common\Common.csproj", "{95BC9E7C-AD61-4D53-83A9-B8B68D095AFB}"
EndProject
Project("{FAE04EC0-301F-11D3-BF4B-00C04F79EFBC}") = "WebInterface", "WebInterface\WebInterface.csproj", "{9369BAA8-CD58-4BDC-83F5-63849DB22FEA}"
EndProject
Project("{FAE04EC0-301F-11D3-BF4B-00C04F79EFBC}") = "ReportTrigger", "ReportTrigger\ReportTrigger.csproj", "{46F18902-5851-4478-A3B7-6C8B80E27254}"
EndProject
Global
	GlobalSection(SolutionConfigurationPlatforms) = preSolution
		Debug|Any CPU = Debug|Any CPU
		Debug|x64 = Debug|x64
		Debug|x86 = Debug|x86
		Release|Any CPU = Release|Any CPU
		Release|x64 = Release|x64
		Release|x86 = Release|x86
	EndGlobalSection
	GlobalSection(SolutionProperties) = preSolution
		HideSolutionNode = FALSE
	EndGlobalSection
	GlobalSection(ProjectConfigurationPlatforms) = postSolution
		{925279BB-F127-4FB8-960D-42E4A525E797}.Debug|Any CPU.ActiveCfg = Debug|Any CPU
		{925279BB-F127-4FB8-960D-42E4A525E797}.Debug|Any CPU.Build.0 = Debug|Any CPU
		{925279BB-F127-4FB8-960D-42E4A525E797}.Debug|x64.ActiveCfg = Debug|Any CPU
		{925279BB-F127-4FB8-960D-42E4A525E797}.Debug|x64.Build.0 = Debug|Any CPU
		{925279BB-F127-4FB8-960D-42E4A525E797}.Debug|x86.ActiveCfg = Debug|Any CPU
		{925279BB-F127-4FB8-960D-42E4A525E797}.Debug|x86.Build.0 = Debug|Any CPU
		{925279BB-F127-4FB8-960D-42E4A525E797}.Release|Any CPU.ActiveCfg = Release|Any CPU
		{925279BB-F127-4FB8-960D-42E4A525E797}.Release|Any CPU.Build.0 = Release|Any CPU
		{925279BB-F127-4FB8-960D-42E4A525E797}.Release|x64.ActiveCfg = Release|Any CPU
		{925279BB-F127-4FB8-960D-42E4A525E797}.Release|x64.Build.0 = Release|Any CPU
		{925279BB-F127-4FB8-960D-42E4A525E797}.Release|x86.ActiveCfg = Release|Any CPU
		{925279BB-F127-4FB8-960D-42E4A525E797}.Release|x86.Build.0 = Release|Any CPU
		{5BE64D3D-EC96-4445-A9EF-B1E44BACDF46}.Debug|Any CPU.ActiveCfg = Debug|Any CPU
		{5BE64D3D-EC96-4445-A9EF-B1E44BACDF46}.Debug|Any CPU.Build.0 = Debug|Any CPU
		{5BE64D3D-EC96-4445-A9EF-B1E44BACDF46}.Debug|x64.ActiveCfg = Debug|Any CPU
		{5BE64D3D-EC96-4445-A9EF-B1E44BACDF46}.Debug|x64.Build.0 = Debug|Any CPU
		{5BE64D3D-EC96-4445-A9EF-B1E44BACDF46}.Debug|x86.ActiveCfg = Debug|Any CPU
		{5BE64D3D-EC96-4445-A9EF-B1E44BACDF46}.Debug|x86.Build.0 = Debug|Any CPU
		{5BE64D3D-EC96-4445-A9EF-B1E44BACDF46}.Release|Any CPU.ActiveCfg = Release|Any CPU
		{5BE64D3D-EC96-4445-A9EF-B1E44BACDF46}.Release|Any CPU.Build.0 = Release|Any CPU
		{5BE64D3D-EC96-4445-A9EF-B1E44BACDF46}.Release|x64.ActiveCfg = Release|Any CPU
		{5BE64D3D-EC96-4445-A9EF-B1E44BACDF46}.Release|x64.Build.0 = Release|Any CPU
		{5BE64D3D-EC96-4445-A9EF-B1E44BACDF46}.Release|x86.ActiveCfg = Release|Any CPU
		{5BE64D3D-EC96-4445-A9EF-B1E44BACDF46}.Release|x86.Build.0 = Release|Any CPU
		{9C5A091C-7BD5-4930-9416-12DEDB3F18CC}.Debug|Any CPU.ActiveCfg = Debug|Any CPU
		{9C5A091C-7BD5-4930-9416-12DEDB3F18CC}.Debug|Any CPU.Build.0 = Debug|Any CPU
		{9C5A091C-7BD5-4930-9416-12DEDB3F18CC}.Debug|x64.ActiveCfg = Debug|Any CPU
		{9C5A091C-7BD5-4930-9416-12DEDB3F18CC}.Debug|x64.Build.0 = Debug|Any CPU
		{9C5A091C-7BD5-4930-9416-12DEDB3F18CC}.Debug|x86.ActiveCfg = Debug|Any CPU
		{9C5A091C-7BD5-4930-9416-12DEDB3F18CC}.Debug|x86.Build.0 = Debug|Any CPU
		{9C5A091C-7BD5-4930-9416-12DEDB3F18CC}.Release|Any CPU.ActiveCfg = Release|Any CPU
		{9C5A091C-7BD5-4930-9416-12DEDB3F18CC}.Release|Any CPU.Build.0 = Release|Any CPU
		{9C5A091C-7BD5-4930-9416-12DEDB3F18CC}.Release|x64.ActiveCfg = Release|Any CPU
		{9C5A091C-7BD5-4930-9416-12DEDB3F18CC}.Release|x64.Build.0 = Release|Any CPU
		{9C5A091C-7BD5-4930-9416-12DEDB3F18CC}.Release|x86.ActiveCfg = Release|Any CPU
		{9C5A091C-7BD5-4930-9416-12DEDB3F18CC}.Release|x86.Build.0 = Release|Any CPU
		{7E01AA6E-98B6-4AE9-A0D2-EE34F8D8914F}.Debug|Any CPU.ActiveCfg = Debug|Any CPU
		{7E01AA6E-98B6-4AE9-A0D2-EE34F8D8914F}.Debug|Any CPU.Build.0 = Debug|Any CPU
		{7E01AA6E-98B6-4AE9-A0D2-EE34F8D8914F}.Debug|x64.ActiveCfg = Debug|Any CPU
		{7E01AA6E-98B6-4AE9-A0D2-EE34F8D8914F}.Debug|x64.Build.0 = Debug|Any CPU
		{7E01AA6E-98B6-4AE9-A0D2-EE34F8D8914F}.Debug|x86.ActiveCfg = Debug|Any CPU
		{7E01AA6E-98B6-4AE9-A0D2-EE34F8D8914F}.Debug|x86.Build.0 = Debug|Any CPU
		{7E01AA6E-98B6-4AE9-A0D2-EE34F8D8914F}.Release|Any CPU.ActiveCfg = Release|Any CPU
		{7E01AA6E-98B6-4AE9-A0D2-EE34F8D8914F}.Release|Any CPU.Build.0 = Release|Any CPU
		{7E01AA6E-98B6-4AE9-A0D2-EE34F8D8914F}.Release|x64.ActiveCfg = Release|Any CPU
		{7E01AA6E-98B6-4AE9-A0D2-EE34F8D8914F}.Release|x64.Build.0 = Release|Any CPU
		{7E01AA6E-98B6-4AE9-A0D2-EE34F8D8914F}.Release|x86.ActiveCfg = Release|Any CPU
		{7E01AA6E-98B6-4AE9-A0D2-EE34F8D8914F}.Release|x86.Build.0 = Release|Any CPU
		{7F1BD33B-DFE8-4593-85AD-B24C35503BE4}.Debug|Any CPU.ActiveCfg = Debug|Any CPU
		{7F1BD33B-DFE8-4593-85AD-B24C35503BE4}.Debug|Any CPU.Build.0 = Debug|Any CPU
		{7F1BD33B-DFE8-4593-85AD-B24C35503BE4}.Debug|x64.ActiveCfg = Debug|Any CPU
		{7F1BD33B-DFE8-4593-85AD-B24C35503BE4}.Debug|x64.Build.0 = Debug|Any CPU
		{7F1BD33B-DFE8-4593-85AD-B24C35503BE4}.Debug|x86.ActiveCfg = Debug|Any CPU
		{7F1BD33B-DFE8-4593-85AD-B24C35503BE4}.Debug|x86.Build.0 = Debug|Any CPU
		{7F1BD33B-DFE8-4593-85AD-B24C35503BE4}.Release|Any CPU.ActiveCfg = Release|Any CPU
		{7F1BD33B-DFE8-4593-85AD-B24C35503BE4}.Release|Any CPU.Build.0 = Release|Any CPU
		{7F1BD33B-DFE8-4593-85AD-B24C35503BE4}.Release|x64.ActiveCfg = Release|Any CPU
		{7F1BD33B-DFE8-4593-85AD-B24C35503BE4}.Release|x64.Build.0 = Release|Any CPU
		{7F1BD33B-DFE8-4593-85AD-B24C35503BE4}.Release|x86.ActiveCfg = Release|Any CPU
		{7F1BD33B-DFE8-4593-85AD-B24C35503BE4}.Release|x86.Build.0 = Release|Any CPU
		{C5A5610C-45B2-4E3D-882C-87E13E7B26D0}.Debug|Any CPU.ActiveCfg = Debug|Any CPU
		{C5A5610C-45B2-4E3D-882C-87E13E7B26D0}.Debug|Any CPU.Build.0 = Debug|Any CPU
		{C5A5610C-45B2-4E3D-882C-87E13E7B26D0}.Debug|x64.ActiveCfg = Debug|Any CPU
		{C5A5610C-45B2-4E3D-882C-87E13E7B26D0}.Debug|x64.Build.0 = Debug|Any CPU
		{C5A5610C-45B2-4E3D-882C-87E13E7B26D0}.Debug|x86.ActiveCfg = Debug|Any CPU
		{C5A5610C-45B2-4E3D-882C-87E13E7B26D0}.Debug|x86.Build.0 = Debug|Any CPU
		{C5A5610C-45B2-4E3D-882C-87E13E7B26D0}.Release|Any CPU.ActiveCfg = Release|Any CPU
		{C5A5610C-45B2-4E3D-882C-87E13E7B26D0}.Release|Any CPU.Build.0 = Release|Any CPU
		{C5A5610C-45B2-4E3D-882C-87E13E7B26D0}.Release|x64.ActiveCfg = Release|Any CPU
		{C5A5610C-45B2-4E3D-882C-87E13E7B26D0}.Release|x64.Build.0 = Release|Any CPU
		{C5A5610C-45B2-4E3D-882C-87E13E7B26D0}.Release|x86.ActiveCfg = Release|Any CPU
		{C5A5610C-45B2-4E3D-882C-87E13E7B26D0}.Release|x86.Build.0 = Release|Any CPU
		{95BC9E7C-AD61-4D53-83A9-B8B68D095AFB}.Debug|Any CPU.ActiveCfg = Debug|Any CPU
		{95BC9E7C-AD61-4D53-83A9-B8B68D095AFB}.Debug|Any CPU.Build.0 = Debug|Any CPU
		{95BC9E7C-AD61-4D53-83A9-B8B68D095AFB}.Debug|x64.ActiveCfg = Debug|Any CPU
		{95BC9E7C-AD61-4D53-83A9-B8B68D095AFB}.Debug|x64.Build.0 = Debug|Any CPU
		{95BC9E7C-AD61-4D53-83A9-B8B68D095AFB}.Debug|x86.ActiveCfg = Debug|Any CPU
		{95BC9E7C-AD61-4D53-83A9-B8B68D095AFB}.Debug|x86.Build.0 = Debug|Any CPU
		{95BC9E7C-AD61-4D53-83A9-B8B68D095AFB}.Release|Any CPU.ActiveCfg = Release|Any CPU
		{95BC9E7C-AD61-4D53-83A9-B8B68D095AFB}.Release|Any CPU.Build.0 = Release|Any CPU
		{95BC9E7C-AD61-4D53-83A9-B8B68D095AFB}.Release|x64.ActiveCfg = Release|Any CPU
		{95BC9E7C-AD61-4D53-83A9-B8B68D095AFB}.Release|x64.Build.0 = Release|Any CPU
		{95BC9E7C-AD61-4D53-83A9-B8B68D095AFB}.Release|x86.ActiveCfg = Release|Any CPU
		{95BC9E7C-AD61-4D53-83A9-B8B68D095AFB}.Release|x86.Build.0 = Release|Any CPU
		{E1D67AA4-BD29-49B0-9707-0096A0A7D766}.Debug|Any CPU.ActiveCfg = Debug|Any CPU
		{E1D67AA4-BD29-49B0-9707-0096A0A7D766}.Debug|Any CPU.Build.0 = Debug|Any CPU
		{E1D67AA4-BD29-49B0-9707-0096A0A7D766}.Debug|x64.ActiveCfg = Debug|Any CPU
		{E1D67AA4-BD29-49B0-9707-0096A0A7D766}.Debug|x64.Build.0 = Debug|Any CPU
		{E1D67AA4-BD29-49B0-9707-0096A0A7D766}.Debug|x86.ActiveCfg = Debug|Any CPU
		{E1D67AA4-BD29-49B0-9707-0096A0A7D766}.Debug|x86.Build.0 = Debug|Any CPU
		{E1D67AA4-BD29-49B0-9707-0096A0A7D766}.Release|Any CPU.ActiveCfg = Release|Any CPU
		{E1D67AA4-BD29-49B0-9707-0096A0A7D766}.Release|Any CPU.Build.0 = Release|Any CPU
		{E1D67AA4-BD29-49B0-9707-0096A0A7D766}.Release|x64.ActiveCfg = Release|Any CPU
		{E1D67AA4-BD29-49B0-9707-0096A0A7D766}.Release|x64.Build.0 = Release|Any CPU
		{E1D67AA4-BD29-49B0-9707-0096A0A7D766}.Release|x86.ActiveCfg = Release|Any CPU
		{E1D67AA4-BD29-49B0-9707-0096A0A7D766}.Release|x86.Build.0 = Release|Any CPU
		{9369BAA8-CD58-4BDC-83F5-63849DB22FEA}.Debug|Any CPU.ActiveCfg = Debug|Any CPU
		{9369BAA8-CD58-4BDC-83F5-63849DB22FEA}.Debug|Any CPU.Build.0 = Debug|Any CPU
		{9369BAA8-CD58-4BDC-83F5-63849DB22FEA}.Debug|x64.ActiveCfg = Debug|Any CPU
		{9369BAA8-CD58-4BDC-83F5-63849DB22FEA}.Debug|x64.Build.0 = Debug|Any CPU
		{9369BAA8-CD58-4BDC-83F5-63849DB22FEA}.Debug|x86.ActiveCfg = Debug|Any CPU
		{9369BAA8-CD58-4BDC-83F5-63849DB22FEA}.Debug|x86.Build.0 = Debug|Any CPU
		{9369BAA8-CD58-4BDC-83F5-63849DB22FEA}.Release|Any CPU.ActiveCfg = Release|Any CPU
		{9369BAA8-CD58-4BDC-83F5-63849DB22FEA}.Release|Any CPU.Build.0 = Release|Any CPU
		{9369BAA8-CD58-4BDC-83F5-63849DB22FEA}.Release|x64.ActiveCfg = Release|Any CPU
		{9369BAA8-CD58-4BDC-83F5-63849DB22FEA}.Release|x64.Build.0 = Release|Any CPU
		{9369BAA8-CD58-4BDC-83F5-63849DB22FEA}.Release|x86.ActiveCfg = Release|Any CPU
		{9369BAA8-CD58-4BDC-83F5-63849DB22FEA}.Release|x86.Build.0 = Release|Any CPU
		{46F18902-5851-4478-A3B7-6C8B80E27254}.Debug|Any CPU.ActiveCfg = Debug|Any CPU
		{46F18902-5851-4478-A3B7-6C8B80E27254}.Debug|Any CPU.Build.0 = Debug|Any CPU
		{46F18902-5851-4478-A3B7-6C8B80E27254}.Debug|x64.ActiveCfg = Debug|Any CPU
		{46F18902-5851-4478-A3B7-6C8B80E27254}.Debug|x64.Build.0 = Debug|Any CPU
		{46F18902-5851-4478-A3B7-6C8B80E27254}.Debug|x86.ActiveCfg = Debug|Any CPU
		{46F18902-5851-4478-A3B7-6C8B80E27254}.Debug|x86.Build.0 = Debug|Any CPU
		{46F18902-5851-4478-A3B7-6C8B80E27254}.Release|Any CPU.ActiveCfg = Release|Any CPU
		{46F18902-5851-4478-A3B7-6C8B80E27254}.Release|Any CPU.Build.0 = Release|Any CPU
		{46F18902-5851-4478-A3B7-6C8B80E27254}.Release|x64.ActiveCfg = Release|Any CPU
		{46F18902-5851-4478-A3B7-6C8B80E27254}.Release|x64.Build.0 = Release|Any CPU
		{46F18902-5851-4478-A3B7-6C8B80E27254}.Release|x86.ActiveCfg = Release|Any CPU
		{46F18902-5851-4478-A3B7-6C8B80E27254}.Release|x86.Build.0 = Release|Any CPU
	EndGlobalSection
EndGlobal
